
Microsoft Visual Studio Solution File, Format Version 12.00
# Visual Studio Version 17
VisualStudioVersion = 17.3.32819.101
MinimumVisualStudioVersion = 10.0.40219.1
Project("{9A19103F-16F7-4668-BE54-9A1E7A4F7556}") = "NoBigTruck", "NoBigTruck\NoBigTruck.csproj", "{23581242-6240-4851-9A0C-BF93E2A4F4B0}"
EndProject
Project("{2150E333-8FDC-42A3-9474-1A3956D46DE8}") = "Shared", "Shared", "{47FEE61C-F69E-4906-98DD-3979C433964E}"
EndProject
Project("{D954291E-2A0B-460D-934E-DC6B0785DB48}") = "ModShared", "ModsCommon\ModShared\ModShared.shproj", "{24615A21-AFA6-42C0-8B7A-4FB3329B056F}"
EndProject
Project("{2150E333-8FDC-42A3-9474-1A3956D46DE8}") = "UI", "UI", "{21802331-AD07-4C9B-8B06-BFD07EB30764}"
EndProject
Project("{D954291E-2A0B-460D-934E-DC6B0785DB48}") = "UIShared", "ModsCommon\UIShared\UIShared.shproj", "{BE979510-7832-4714-95A3-305065D9DED6}"
EndProject
Project("{D954291E-2A0B-460D-934E-DC6B0785DB48}") = "XmlExtension", "ModsCommon\XmlExtension\XmlExtension.shproj", "{FADA36DB-C397-4128-9644-B477C4F50B26}"
EndProject
Project("{D954291E-2A0B-460D-934E-DC6B0785DB48}") = "PropertyPanelShared", "ModsCommon\PropertyPanelShared\PropertyPanelShared.shproj", "{ABE0F508-441B-4871-A17F-3F345F5DC42B}"
EndProject
Project("{D954291E-2A0B-460D-934E-DC6B0785DB48}") = "PropertyValueShared", "ModsCommon\PropertyValueShared\PropertyValueShared.shproj", "{DB4A0C1E-E3F4-4BB4-816F-1493BF7F2FBF}"
EndProject
Project("{D954291E-2A0B-460D-934E-DC6B0785DB48}") = "HeaderShared", "ModsCommon\HeaderShared\HeaderShared.shproj", "{0BF47C3F-C968-4759-8D99-D088B0D58FBA}"
EndProject
Project("{D954291E-2A0B-460D-934E-DC6B0785DB48}") = "PluginsShared", "ModsCommon\PluginsShared\PluginsShared.shproj", "{B92E01E9-0DFC-455F-8164-F68A2A602FBC}"
EndProject
Project("{2150E333-8FDC-42A3-9474-1A3956D46DE8}") = "Localize", "Localize", "{1DD9E545-FBCD-42C6-8E37-A56E341CC115}"
EndProject
Project("{FAE04EC0-301F-11D3-BF4B-00C04F79EFBC}") = "Localize", "ModsCommon\LocalizeShared\Localize.csproj", "{965F863B-1394-41ED-85EC-B35DC09003EB}"
EndProject
Project("{D954291E-2A0B-460D-934E-DC6B0785DB48}") = "LocalizeShared", "ModsCommon\LocalizeShared\LocalizeShared.shproj", "{F135CD5D-4CAB-4347-BF44-1C6D0794A19D}"
EndProject
Project("{D954291E-2A0B-460D-934E-DC6B0785DB48}") = "DependencyShared", "ModsCommon\DependencyShared\DependencyShared.shproj", "{2873738F-AA2C-4C8A-BE06-BC59ACCA56F0}"
EndProject
Project("{D954291E-2A0B-460D-934E-DC6B0785DB48}") = "SingletonShared", "ModsCommon\SingletonShared\SingletonShared.shproj", "{32AEE23B-AF72-45B6-8011-5EC3B139D2DF}"
EndProject
Project("{D954291E-2A0B-460D-934E-DC6B0785DB48}") = "LoggerShared", "ModsCommon\LoggerShared\LoggerShared.shproj", "{FE0AF823-F63F-4441-B28D-C0890BC0BF6A}"
EndProject
Project("{2150E333-8FDC-42A3-9474-1A3956D46DE8}") = "Utilities", "Utilities", "{0848D62D-8D78-4AD1-82DC-32188EC23610}"
EndProject
Project("{D954291E-2A0B-460D-934E-DC6B0785DB48}") = "AutoLayoutPanelShared", "ModsCommon\AutoLayoutPanelShared\AutoLayoutPanelShared.shproj", "{FC5E6F74-8408-4FD8-A46A-A7F549E30454}"
EndProject
Project("{D954291E-2A0B-460D-934E-DC6B0785DB48}") = "SimpleMessageBoxShared", "ModsCommon\SimpleMessageBoxShared\SimpleMessageBoxShared.shproj", "{A3055CAA-4807-4C49-973C-7B92610C25C8}"
EndProject
Project("{D954291E-2A0B-460D-934E-DC6B0785DB48}") = "WhatsNewMessageBoxShared", "ModsCommon\WhatsNewMessageBoxShared\WhatsNewMessageBoxShared.shproj", "{8431FA6D-34A1-4700-8D4F-09C9E65346E3}"
EndProject
Project("{D954291E-2A0B-460D-934E-DC6B0785DB48}") = "MessageBoxShared", "ModsCommon\MessageBoxShared\MessageBoxShared.shproj", "{D5B649EC-0FEC-48F3-8316-6E266169CDCC}"
EndProject
Project("{D954291E-2A0B-460D-934E-DC6B0785DB48}") = "HarmonyReportShared", "ModsCommon\HarmonyReportShared\HarmonyReportShared.shproj", "{B5958052-B477-4182-AB63-B96C90FD0619}"
EndProject
Project("{D954291E-2A0B-460D-934E-DC6B0785DB48}") = "LoadExtensionShared", "ModsCommon\LoadExtensionShared\LoadExtensionShared.shproj", "{B0DEA36D-46FD-4D66-9285-57E85AB0BCDF}"
EndProject
Project("{D954291E-2A0B-460D-934E-DC6B0785DB48}") = "ColorsShared", "ModsCommon\ColorsShared\ColorsShared.shproj", "{B3E09C99-1583-40D2-AE3B-AE1453766DC3}"
EndProject
Project("{D954291E-2A0B-460D-934E-DC6B0785DB48}") = "LocalizeShared.zh-CN", "ModsCommon\LocalizeShared\zh-CN\LocalizeShared.zh-CN.shproj", "{6D76CE46-51A4-4596-8E5B-03261089BEDD}"
EndProject
Project("{D954291E-2A0B-460D-934E-DC6B0785DB48}") = "LocalizeShared.tr-TR", "ModsCommon\LocalizeShared\tr-TR\LocalizeShared.tr-TR.shproj", "{E4D29A3D-F7C1-41BA-9B83-872271E6CF56}"
EndProject
Project("{D954291E-2A0B-460D-934E-DC6B0785DB48}") = "LocalizeShared.ru-RU", "ModsCommon\LocalizeShared\ru-RU\LocalizeShared.ru-RU.shproj", "{1953B648-7E3A-45F1-924D-E490FE6236C7}"
EndProject
Project("{D954291E-2A0B-460D-934E-DC6B0785DB48}") = "LocalizeShared.ro-RO", "ModsCommon\LocalizeShared\ro-RO\LocalizeShared.ro-RO.shproj", "{A7F303AF-C11E-4DD8-A195-6D0D459DEE53}"
EndProject
Project("{D954291E-2A0B-460D-934E-DC6B0785DB48}") = "LocalizeShared.pt-PT", "ModsCommon\LocalizeShared\pt-PT\LocalizeShared.pt-PT.shproj", "{63601BBF-995F-4843-B4E8-A388652BEF2D}"
EndProject
Project("{D954291E-2A0B-460D-934E-DC6B0785DB48}") = "LocalizeShared.pl-PL", "ModsCommon\LocalizeShared\pl-PL\LocalizeShared.pl-PL.shproj", "{2E10B867-4AD3-4B8C-8D0D-1EA122C0F9BD}"
EndProject
Project("{D954291E-2A0B-460D-934E-DC6B0785DB48}") = "LocalizeShared.nl-NL", "ModsCommon\LocalizeShared\nl-NL\LocalizeShared.nl-NL.shproj", "{0F84A968-4534-4A96-AE8D-A97CDB81B538}"
EndProject
Project("{D954291E-2A0B-460D-934E-DC6B0785DB48}") = "LocalizeShared.ko-KR", "ModsCommon\LocalizeShared\ko-KR\LocalizeShared.ko-KR.shproj", "{C552B590-2769-4548-A774-8F5DD30F578C}"
EndProject
Project("{D954291E-2A0B-460D-934E-DC6B0785DB48}") = "LocalizeShared.ja-JP", "ModsCommon\LocalizeShared\ja-JP\LocalizeShared.ja-JP.shproj", "{74503A1A-DEF7-4430-8479-5B0C9895E80A}"
EndProject
Project("{D954291E-2A0B-460D-934E-DC6B0785DB48}") = "LocalizeShared.it-IT", "ModsCommon\LocalizeShared\it-IT\LocalizeShared.it-IT.shproj", "{1B4E8A9A-319B-4F69-AA7B-A47E5C998318}"
EndProject
Project("{D954291E-2A0B-460D-934E-DC6B0785DB48}") = "LocalizeShared.hu-HU", "ModsCommon\LocalizeShared\hu-HU\LocalizeShared.hu-HU.shproj", "{A1E3C011-4D61-49C6-84CE-1C6F74A96DD3}"
EndProject
Project("{D954291E-2A0B-460D-934E-DC6B0785DB48}") = "LocalizeShared.fr-FR", "ModsCommon\LocalizeShared\fr-FR\LocalizeShared.fr-FR.shproj", "{0CC6E29D-B8BD-4E10-9AD9-5F27F21E95BC}"
EndProject
Project("{D954291E-2A0B-460D-934E-DC6B0785DB48}") = "LocalizeShared.fi-FI", "ModsCommon\LocalizeShared\fi-FI\LocalizeShared.fi-FI.shproj", "{CBFA7721-1278-44C7-8E3B-2579DE4DBEAE}"
EndProject
Project("{D954291E-2A0B-460D-934E-DC6B0785DB48}") = "LocalizeShared.es-ES", "ModsCommon\LocalizeShared\es-ES\LocalizeShared.es-ES.shproj", "{120C967C-0DFA-49FE-85E2-A5BF520A619C}"
EndProject
Project("{D954291E-2A0B-460D-934E-DC6B0785DB48}") = "LocalizeShared.de-DE", "ModsCommon\LocalizeShared\de-DE\LocalizeShared.de-DE.shproj", "{46431D69-3160-4004-8E93-7F98E4107BA6}"
EndProject
Project("{D954291E-2A0B-460D-934E-DC6B0785DB48}") = "LocalizeShared.da-DK", "ModsCommon\LocalizeShared\da-DK\LocalizeShared.da-DK.shproj", "{934265F0-623E-4667-9D8F-108162EA0422}"
EndProject
Project("{D954291E-2A0B-460D-934E-DC6B0785DB48}") = "LocalizeShared.cs-CZ", "ModsCommon\LocalizeShared\cs-CZ\LocalizeShared.cs-CZ.shproj", "{6080059F-60CE-47D6-B8C9-11955AFB9FDE}"
EndProject
Project("{D954291E-2A0B-460D-934E-DC6B0785DB48}") = "LocalizeManager", "ModsCommon\LocalizeShared\LocalizeManager\LocalizeManager.shproj", "{B21AB183-BAEF-4EAF-ACCB-83D6AE5F2CCB}"
EndProject
Global
	GlobalSection(SolutionConfigurationPlatforms) = preSolution
		Beta Debug|Any CPU = Beta Debug|Any CPU
		Beta Release|Any CPU = Beta Release|Any CPU
		Stable Debug|Any CPU = Stable Debug|Any CPU
		Stable Release|Any CPU = Stable Release|Any CPU
	EndGlobalSection
	GlobalSection(ProjectConfigurationPlatforms) = postSolution
		{23581242-6240-4851-9A0C-BF93E2A4F4B0}.Beta Debug|Any CPU.ActiveCfg = Beta Debug|Any CPU
		{23581242-6240-4851-9A0C-BF93E2A4F4B0}.Beta Debug|Any CPU.Build.0 = Beta Debug|Any CPU
		{23581242-6240-4851-9A0C-BF93E2A4F4B0}.Beta Release|Any CPU.ActiveCfg = Beta Release|Any CPU
		{23581242-6240-4851-9A0C-BF93E2A4F4B0}.Beta Release|Any CPU.Build.0 = Beta Release|Any CPU
		{23581242-6240-4851-9A0C-BF93E2A4F4B0}.Stable Debug|Any CPU.ActiveCfg = Stable Debug|Any CPU
		{23581242-6240-4851-9A0C-BF93E2A4F4B0}.Stable Debug|Any CPU.Build.0 = Stable Debug|Any CPU
		{23581242-6240-4851-9A0C-BF93E2A4F4B0}.Stable Release|Any CPU.ActiveCfg = Stable Release|Any CPU
		{23581242-6240-4851-9A0C-BF93E2A4F4B0}.Stable Release|Any CPU.Build.0 = Stable Release|Any CPU
		{965F863B-1394-41ED-85EC-B35DC09003EB}.Beta Debug|Any CPU.ActiveCfg = Debug|Any CPU
		{965F863B-1394-41ED-85EC-B35DC09003EB}.Beta Debug|Any CPU.Build.0 = Debug|Any CPU
		{965F863B-1394-41ED-85EC-B35DC09003EB}.Beta Release|Any CPU.ActiveCfg = Debug|Any CPU
		{965F863B-1394-41ED-85EC-B35DC09003EB}.Beta Release|Any CPU.Build.0 = Debug|Any CPU
		{965F863B-1394-41ED-85EC-B35DC09003EB}.Stable Debug|Any CPU.ActiveCfg = Debug|Any CPU
		{965F863B-1394-41ED-85EC-B35DC09003EB}.Stable Debug|Any CPU.Build.0 = Debug|Any CPU
		{965F863B-1394-41ED-85EC-B35DC09003EB}.Stable Release|Any CPU.ActiveCfg = Debug|Any CPU
		{965F863B-1394-41ED-85EC-B35DC09003EB}.Stable Release|Any CPU.Build.0 = Debug|Any CPU
	EndGlobalSection
	GlobalSection(SolutionProperties) = preSolution
		HideSolutionNode = FALSE
	EndGlobalSection
	GlobalSection(NestedProjects) = preSolution
		{24615A21-AFA6-42C0-8B7A-4FB3329B056F} = {47FEE61C-F69E-4906-98DD-3979C433964E}
		{21802331-AD07-4C9B-8B06-BFD07EB30764} = {47FEE61C-F69E-4906-98DD-3979C433964E}
		{BE979510-7832-4714-95A3-305065D9DED6} = {21802331-AD07-4C9B-8B06-BFD07EB30764}
		{FADA36DB-C397-4128-9644-B477C4F50B26} = {0848D62D-8D78-4AD1-82DC-32188EC23610}
		{ABE0F508-441B-4871-A17F-3F345F5DC42B} = {21802331-AD07-4C9B-8B06-BFD07EB30764}
		{DB4A0C1E-E3F4-4BB4-816F-1493BF7F2FBF} = {0848D62D-8D78-4AD1-82DC-32188EC23610}
		{0BF47C3F-C968-4759-8D99-D088B0D58FBA} = {21802331-AD07-4C9B-8B06-BFD07EB30764}
		{B92E01E9-0DFC-455F-8164-F68A2A602FBC} = {0848D62D-8D78-4AD1-82DC-32188EC23610}
		{1DD9E545-FBCD-42C6-8E37-A56E341CC115} = {47FEE61C-F69E-4906-98DD-3979C433964E}
		{965F863B-1394-41ED-85EC-B35DC09003EB} = {1DD9E545-FBCD-42C6-8E37-A56E341CC115}
		{F135CD5D-4CAB-4347-BF44-1C6D0794A19D} = {1DD9E545-FBCD-42C6-8E37-A56E341CC115}
		{2873738F-AA2C-4C8A-BE06-BC59ACCA56F0} = {0848D62D-8D78-4AD1-82DC-32188EC23610}
		{32AEE23B-AF72-45B6-8011-5EC3B139D2DF} = {0848D62D-8D78-4AD1-82DC-32188EC23610}
		{FE0AF823-F63F-4441-B28D-C0890BC0BF6A} = {0848D62D-8D78-4AD1-82DC-32188EC23610}
		{0848D62D-8D78-4AD1-82DC-32188EC23610} = {47FEE61C-F69E-4906-98DD-3979C433964E}
		{FC5E6F74-8408-4FD8-A46A-A7F549E30454} = {21802331-AD07-4C9B-8B06-BFD07EB30764}
		{A3055CAA-4807-4C49-973C-7B92610C25C8} = {21802331-AD07-4C9B-8B06-BFD07EB30764}
		{8431FA6D-34A1-4700-8D4F-09C9E65346E3} = {21802331-AD07-4C9B-8B06-BFD07EB30764}
		{D5B649EC-0FEC-48F3-8316-6E266169CDCC} = {21802331-AD07-4C9B-8B06-BFD07EB30764}
		{B5958052-B477-4182-AB63-B96C90FD0619} = {0848D62D-8D78-4AD1-82DC-32188EC23610}
		{B0DEA36D-46FD-4D66-9285-57E85AB0BCDF} = {0848D62D-8D78-4AD1-82DC-32188EC23610}
		{B3E09C99-1583-40D2-AE3B-AE1453766DC3} = {0848D62D-8D78-4AD1-82DC-32188EC23610}
		{6D76CE46-51A4-4596-8E5B-03261089BEDD} = {1DD9E545-FBCD-42C6-8E37-A56E341CC115}
		{E4D29A3D-F7C1-41BA-9B83-872271E6CF56} = {1DD9E545-FBCD-42C6-8E37-A56E341CC115}
		{1953B648-7E3A-45F1-924D-E490FE6236C7} = {1DD9E545-FBCD-42C6-8E37-A56E341CC115}
		{A7F303AF-C11E-4DD8-A195-6D0D459DEE53} = {1DD9E545-FBCD-42C6-8E37-A56E341CC115}
		{63601BBF-995F-4843-B4E8-A388652BEF2D} = {1DD9E545-FBCD-42C6-8E37-A56E341CC115}
		{2E10B867-4AD3-4B8C-8D0D-1EA122C0F9BD} = {1DD9E545-FBCD-42C6-8E37-A56E341CC115}
		{0F84A968-4534-4A96-AE8D-A97CDB81B538} = {1DD9E545-FBCD-42C6-8E37-A56E341CC115}
		{C552B590-2769-4548-A774-8F5DD30F578C} = {1DD9E545-FBCD-42C6-8E37-A56E341CC115}
		{74503A1A-DEF7-4430-8479-5B0C9895E80A} = {1DD9E545-FBCD-42C6-8E37-A56E341CC115}
		{1B4E8A9A-319B-4F69-AA7B-A47E5C998318} = {1DD9E545-FBCD-42C6-8E37-A56E341CC115}
		{A1E3C011-4D61-49C6-84CE-1C6F74A96DD3} = {1DD9E545-FBCD-42C6-8E37-A56E341CC115}
		{0CC6E29D-B8BD-4E10-9AD9-5F27F21E95BC} = {1DD9E545-FBCD-42C6-8E37-A56E341CC115}
		{CBFA7721-1278-44C7-8E3B-2579DE4DBEAE} = {1DD9E545-FBCD-42C6-8E37-A56E341CC115}
		{120C967C-0DFA-49FE-85E2-A5BF520A619C} = {1DD9E545-FBCD-42C6-8E37-A56E341CC115}
		{46431D69-3160-4004-8E93-7F98E4107BA6} = {1DD9E545-FBCD-42C6-8E37-A56E341CC115}
		{934265F0-623E-4667-9D8F-108162EA0422} = {1DD9E545-FBCD-42C6-8E37-A56E341CC115}
		{6080059F-60CE-47D6-B8C9-11955AFB9FDE} = {1DD9E545-FBCD-42C6-8E37-A56E341CC115}
		{B21AB183-BAEF-4EAF-ACCB-83D6AE5F2CCB} = {1DD9E545-FBCD-42C6-8E37-A56E341CC115}
	EndGlobalSection
	GlobalSection(ExtensibilityGlobals) = postSolution
		SolutionGuid = {9AE01CF9-7549-4236-B657-F88D6CEA4F88}
		BuildVersion_StartDate = 2000/1/1
	EndGlobalSection
	GlobalSection(SharedMSBuildProjectFiles) = preSolution
		ModsCommon\HeaderShared\HeaderShared.projitems*{0bf47c3f-c968-4759-8d99-d088b0d58fba}*SharedItemsImports = 13
		ModsCommon\LocalizeShared\fr-FR\LocalizeShared.fr-FR.projitems*{0cc6e29d-b8bd-4e10-9ad9-5f27f21e95bc}*SharedItemsImports = 13
		ModsCommon\LocalizeShared\nl-NL\LocalizeShared.nl-NL.projitems*{0f84a968-4534-4a96-ae8d-a97cdb81b538}*SharedItemsImports = 13
		ModsCommon\LocalizeShared\es-ES\LocalizeShared.es-ES.projitems*{120c967c-0dfa-49fe-85e2-a5bf520a619c}*SharedItemsImports = 13
		ModsCommon\LocalizeShared\ru-RU\LocalizeShared.ru-RU.projitems*{1953b648-7e3a-45f1-924d-e490fe6236c7}*SharedItemsImports = 13
		ModsCommon\LocalizeShared\it-IT\LocalizeShared.it-IT.projitems*{1b4e8a9a-319b-4f69-aa7b-a47e5c998318}*SharedItemsImports = 13
		ModsCommon\AutoLayoutPanelShared\AutoLayoutPanelShared.projitems*{23581242-6240-4851-9a0c-bf93e2a4f4b0}*SharedItemsImports = 5
		ModsCommon\ColorsShared\ColorsShared.projitems*{23581242-6240-4851-9a0c-bf93e2a4f4b0}*SharedItemsImports = 5
		ModsCommon\DependencyShared\DependencyShared.projitems*{23581242-6240-4851-9a0c-bf93e2a4f4b0}*SharedItemsImports = 5
		ModsCommon\HarmonyReportShared\HarmonyReportShared.projitems*{23581242-6240-4851-9a0c-bf93e2a4f4b0}*SharedItemsImports = 5
		ModsCommon\HeaderShared\HeaderShared.projitems*{23581242-6240-4851-9a0c-bf93e2a4f4b0}*SharedItemsImports = 5
		ModsCommon\LoadExtensionShared\LoadExtensionShared.projitems*{23581242-6240-4851-9a0c-bf93e2a4f4b0}*SharedItemsImports = 5
		ModsCommon\LocalizeShared\cs-CZ\LocalizeShared.cs-CZ.projitems*{23581242-6240-4851-9a0c-bf93e2a4f4b0}*SharedItemsImports = 5
		ModsCommon\LocalizeShared\da-DK\LocalizeShared.da-DK.projitems*{23581242-6240-4851-9a0c-bf93e2a4f4b0}*SharedItemsImports = 5
		ModsCommon\LocalizeShared\de-DE\LocalizeShared.de-DE.projitems*{23581242-6240-4851-9a0c-bf93e2a4f4b0}*SharedItemsImports = 5
		ModsCommon\LocalizeShared\es-ES\LocalizeShared.es-ES.projitems*{23581242-6240-4851-9a0c-bf93e2a4f4b0}*SharedItemsImports = 5
		ModsCommon\LocalizeShared\fi-FI\LocalizeShared.fi-FI.projitems*{23581242-6240-4851-9a0c-bf93e2a4f4b0}*SharedItemsImports = 5
		ModsCommon\LocalizeShared\fr-FR\LocalizeShared.fr-FR.projitems*{23581242-6240-4851-9a0c-bf93e2a4f4b0}*SharedItemsImports = 5
		ModsCommon\LocalizeShared\hu-HU\LocalizeShared.hu-HU.projitems*{23581242-6240-4851-9a0c-bf93e2a4f4b0}*SharedItemsImports = 5
		ModsCommon\LocalizeShared\it-IT\LocalizeShared.it-IT.projitems*{23581242-6240-4851-9a0c-bf93e2a4f4b0}*SharedItemsImports = 5
		ModsCommon\LocalizeShared\ja-JP\LocalizeShared.ja-JP.projitems*{23581242-6240-4851-9a0c-bf93e2a4f4b0}*SharedItemsImports = 5
		ModsCommon\LocalizeShared\ko-KR\LocalizeShared.ko-KR.projitems*{23581242-6240-4851-9a0c-bf93e2a4f4b0}*SharedItemsImports = 5
		ModsCommon\LocalizeShared\LocalizeManager\LocalizeManager.projitems*{23581242-6240-4851-9a0c-bf93e2a4f4b0}*SharedItemsImports = 5
		ModsCommon\LocalizeShared\LocalizeShared.projitems*{23581242-6240-4851-9a0c-bf93e2a4f4b0}*SharedItemsImports = 5
		ModsCommon\LocalizeShared\nl-NL\LocalizeShared.nl-NL.projitems*{23581242-6240-4851-9a0c-bf93e2a4f4b0}*SharedItemsImports = 5
		ModsCommon\LocalizeShared\pl-PL\LocalizeShared.pl-PL.projitems*{23581242-6240-4851-9a0c-bf93e2a4f4b0}*SharedItemsImports = 5
		ModsCommon\LocalizeShared\pt-PT\LocalizeShared.pt-PT.projitems*{23581242-6240-4851-9a0c-bf93e2a4f4b0}*SharedItemsImports = 5
		ModsCommon\LocalizeShared\ro-RO\LocalizeShared.ro-RO.projitems*{23581242-6240-4851-9a0c-bf93e2a4f4b0}*SharedItemsImports = 5
		ModsCommon\LocalizeShared\ru-RU\LocalizeShared.ru-RU.projitems*{23581242-6240-4851-9a0c-bf93e2a4f4b0}*SharedItemsImports = 5
		ModsCommon\LocalizeShared\tr-TR\LocalizeShared.tr-TR.projitems*{23581242-6240-4851-9a0c-bf93e2a4f4b0}*SharedItemsImports = 5
		ModsCommon\LocalizeShared\zh-CN\LocalizeShared.zh-CN.projitems*{23581242-6240-4851-9a0c-bf93e2a4f4b0}*SharedItemsImports = 5
		ModsCommon\LoggerShared\LoggerShared.projitems*{23581242-6240-4851-9a0c-bf93e2a4f4b0}*SharedItemsImports = 5
		ModsCommon\MessageBoxShared\MessageBoxShared.projitems*{23581242-6240-4851-9a0c-bf93e2a4f4b0}*SharedItemsImports = 5
		ModsCommon\ModShared\ModsCommonShared.projitems*{23581242-6240-4851-9a0c-bf93e2a4f4b0}*SharedItemsImports = 5
		ModsCommon\PluginsShared\PluginsShared.projitems*{23581242-6240-4851-9a0c-bf93e2a4f4b0}*SharedItemsImports = 5
		ModsCommon\PropertyPanelShared\PropertyPanelShared.projitems*{23581242-6240-4851-9a0c-bf93e2a4f4b0}*SharedItemsImports = 5
		ModsCommon\PropertyValueShared\PropertyValueShared.projitems*{23581242-6240-4851-9a0c-bf93e2a4f4b0}*SharedItemsImports = 5
		ModsCommon\SimpleMessageBoxShared\SimpleMessageBoxShared.projitems*{23581242-6240-4851-9a0c-bf93e2a4f4b0}*SharedItemsImports = 5
		ModsCommon\SingletonShared\SingletonShared.projitems*{23581242-6240-4851-9a0c-bf93e2a4f4b0}*SharedItemsImports = 5
		ModsCommon\UIShared\ModsUIShared.projitems*{23581242-6240-4851-9a0c-bf93e2a4f4b0}*SharedItemsImports = 5
		ModsCommon\WhatsNewMessageBoxShared\WhatsNewMessageBoxShared.projitems*{23581242-6240-4851-9a0c-bf93e2a4f4b0}*SharedItemsImports = 5
		ModsCommon\XmlExtension\XmlExtension.projitems*{23581242-6240-4851-9a0c-bf93e2a4f4b0}*SharedItemsImports = 5
		ModsCommon\ModShared\ModsCommonShared.projitems*{24615a21-afa6-42c0-8b7a-4fb3329b056f}*SharedItemsImports = 13
		ModsCommon\DependencyShared\DependencyShared.projitems*{2873738f-aa2c-4c8a-be06-bc59acca56f0}*SharedItemsImports = 13
		ModsCommon\LocalizeShared\pl-PL\LocalizeShared.pl-PL.projitems*{2e10b867-4ad3-4b8c-8d0d-1ea122c0f9bd}*SharedItemsImports = 13
		ModsCommon\SingletonShared\SingletonShared.projitems*{32aee23b-af72-45b6-8011-5ec3b139d2df}*SharedItemsImports = 13
		ModsCommon\LocalizeShared\de-DE\LocalizeShared.de-DE.projitems*{46431d69-3160-4004-8e93-7f98e4107ba6}*SharedItemsImports = 13
		ModsCommon\LocalizeShared\cs-CZ\LocalizeShared.cs-CZ.projitems*{6080059f-60ce-47d6-b8c9-11955afb9fde}*SharedItemsImports = 13
		ModsCommon\LocalizeShared\pt-PT\LocalizeShared.pt-PT.projitems*{63601bbf-995f-4843-b4e8-a388652bef2d}*SharedItemsImports = 13
		ModsCommon\LocalizeShared\zh-CN\LocalizeShared.zh-CN.projitems*{6d76ce46-51a4-4596-8e5b-03261089bedd}*SharedItemsImports = 13
		ModsCommon\LocalizeShared\ja-JP\LocalizeShared.ja-JP.projitems*{74503a1a-def7-4430-8479-5b0c9895e80a}*SharedItemsImports = 13
		ModsCommon\WhatsNewMessageBoxShared\WhatsNewMessageBoxShared.projitems*{8431fa6d-34a1-4700-8d4f-09c9e65346e3}*SharedItemsImports = 13
		ModsCommon\LocalizeShared\da-DK\LocalizeShared.da-DK.projitems*{934265f0-623e-4667-9d8f-108162ea0422}*SharedItemsImports = 13
		ModsCommon\LocalizeShared\hu-HU\LocalizeShared.hu-HU.projitems*{a1e3c011-4d61-49c6-84ce-1c6f74a96dd3}*SharedItemsImports = 13
		ModsCommon\SimpleMessageBoxShared\SimpleMessageBoxShared.projitems*{a3055caa-4807-4c49-973c-7b92610c25c8}*SharedItemsImports = 13
		ModsCommon\LocalizeShared\ro-RO\LocalizeShared.ro-RO.projitems*{a7f303af-c11e-4dd8-a195-6d0d459dee53}*SharedItemsImports = 13
		ModsCommon\PropertyPanelShared\PropertyPanelShared.projitems*{abe0f508-441b-4871-a17f-3f345f5dc42b}*SharedItemsImports = 13
		ModsCommon\LoadExtensionShared\LoadExtensionShared.projitems*{b0dea36d-46fd-4d66-9285-57e85ab0bcdf}*SharedItemsImports = 13
		ModsCommon\LocalizeShared\LocalizeManager\LocalizeManager.projitems*{b21ab183-baef-4eaf-accb-83d6ae5f2ccb}*SharedItemsImports = 13
		ModsCommon\ColorsShared\ColorsShared.projitems*{b3e09c99-1583-40d2-ae3b-ae1453766dc3}*SharedItemsImports = 13
		ModsCommon\HarmonyReportShared\HarmonyReportShared.projitems*{b5958052-b477-4182-ab63-b96c90fd0619}*SharedItemsImports = 13
		ModsCommon\PluginsShared\PluginsShared.projitems*{b92e01e9-0dfc-455f-8164-f68a2a602fbc}*SharedItemsImports = 13
		ModsCommon\UIShared\ModsUIShared.projitems*{be979510-7832-4714-95a3-305065d9ded6}*SharedItemsImports = 13
		ModsCommon\LocalizeShared\ko-KR\LocalizeShared.ko-KR.projitems*{c552b590-2769-4548-a774-8f5dd30f578c}*SharedItemsImports = 13
		ModsCommon\LocalizeShared\fi-FI\LocalizeShared.fi-FI.projitems*{cbfa7721-1278-44c7-8e3b-2579de4dbeae}*SharedItemsImports = 13
		ModsCommon\MessageBoxShared\MessageBoxShared.projitems*{d5b649ec-0fec-48f3-8316-6e266169cdcc}*SharedItemsImports = 13
		ModsCommon\PropertyValueShared\PropertyValueShared.projitems*{db4a0c1e-e3f4-4bb4-816f-1493bf7f2fbf}*SharedItemsImports = 13
		ModsCommon\LocalizeShared\tr-TR\LocalizeShared.tr-TR.projitems*{e4d29a3d-f7c1-41ba-9b83-872271e6cf56}*SharedItemsImports = 13
		ModsCommon\LocalizeShared\LocalizeShared.projitems*{f135cd5d-4cab-4347-bf44-1c6d0794a19d}*SharedItemsImports = 13
		ModsCommon\XmlExtension\XmlExtension.projitems*{fada36db-c397-4128-9644-b477c4f50b26}*SharedItemsImports = 13
		ModsCommon\AutoLayoutPanelShared\AutoLayoutPanelShared.projitems*{fc5e6f74-8408-4fd8-a46a-a7f549e30454}*SharedItemsImports = 13
		ModsCommon\LoggerShared\LoggerShared.projitems*{fe0af823-f63f-4441-b28d-c0890bc0bf6a}*SharedItemsImports = 13
	EndGlobalSection
EndGlobal
