
Microsoft Visual Studio Solution File, Format Version 12.00
# Visual Studio Version 16
VisualStudioVersion = 16.0.30002.166
MinimumVisualStudioVersion = 10.0.40219.1
Project("{FAE04EC0-301F-11D3-BF4B-00C04F79EFBC}") = "NoBigTruck", "NoBigTruck\NoBigTruck.csproj", "{23581242-6240-4851-9A0C-BF93E2A4F4B0}"
EndProject
Project("{2150E333-8FDC-42A3-9474-1A3956D46DE8}") = "Shared", "Shared", "{47FEE61C-F69E-4906-98DD-3979C433964E}"
EndProject
Project("{D954291E-2A0B-460D-934E-DC6B0785DB48}") = "ModShared", "ModsCommon\ModShared\ModShared.shproj", "{24615A21-AFA6-42C0-8B7A-4FB3329B056F}"
EndProject
Project("{2150E333-8FDC-42A3-9474-1A3956D46DE8}") = "UI", "UI", "{21802331-AD07-4C9B-8B06-BFD07EB30764}"
EndProject
Project("{D954291E-2A0B-460D-934E-DC6B0785DB48}") = "UIShared", "ModsCommon\UIShared\UIShared.shproj", "{BE979510-7832-4714-95A3-305065D9DED6}"
EndProject
Project("{D954291E-2A0B-460D-934E-DC6B0785DB48}") = "XmlExtension", "ModsCommon\XmlExtension\XmlExtension.shproj", "{FADA36DB-C397-4128-9644-B477C4F50B26}"
EndProject
Project("{D954291E-2A0B-460D-934E-DC6B0785DB48}") = "PropertyPanelShared", "ModsCommon\PropertyPanelShared\PropertyPanelShared.shproj", "{ABE0F508-441B-4871-A17F-3F345F5DC42B}"
EndProject
Project("{D954291E-2A0B-460D-934E-DC6B0785DB48}") = "PropertyValueShared", "ModsCommon\PropertyValueShared\PropertyValueShared.shproj", "{DB4A0C1E-E3F4-4BB4-816F-1493BF7F2FBF}"
EndProject
Project("{D954291E-2A0B-460D-934E-DC6B0785DB48}") = "HeaderShared", "ModsCommon\HeaderShared\HeaderShared.shproj", "{0BF47C3F-C968-4759-8D99-D088B0D58FBA}"
EndProject
Project("{D954291E-2A0B-460D-934E-DC6B0785DB48}") = "PluginsShared", "ModsCommon\PluginsShared\PluginsShared.shproj", "{B92E01E9-0DFC-455F-8164-F68A2A602FBC}"
EndProject
Project("{2150E333-8FDC-42A3-9474-1A3956D46DE8}") = "Localize", "Localize", "{1DD9E545-FBCD-42C6-8E37-A56E341CC115}"
EndProject
Project("{FAE04EC0-301F-11D3-BF4B-00C04F79EFBC}") = "Localize", "ModsCommon\LocalizeShared\Localize.csproj", "{965F863B-1394-41ED-85EC-B35DC09003EB}"
EndProject
Project("{D954291E-2A0B-460D-934E-DC6B0785DB48}") = "LocalizeShared", "ModsCommon\LocalizeShared\LocalizeShared.shproj", "{F135CD5D-4CAB-4347-BF44-1C6D0794A19D}"
EndProject
Project("{D954291E-2A0B-460D-934E-DC6B0785DB48}") = "LocalizeShared.ru", "ModsCommon\LocalizeShared\LocalizeShared.ru.shproj", "{4093656F-54A7-4EB8-B021-4C18B5E16407}"
EndProject
Project("{D954291E-2A0B-460D-934E-DC6B0785DB48}") = "MessageBoxShared", "ModsCommon\MessageBoxShared\MessageBoxShared.shproj", "{D5B649EC-0FEC-48F3-8316-6E266169CDCC}"
EndProject
Project("{D954291E-2A0B-460D-934E-DC6B0785DB48}") = "DependencyShared", "ModsCommon\DependencyShared\DependencyShared.shproj", "{2873738F-AA2C-4C8A-BE06-BC59ACCA56F0}"
EndProject
Project("{D954291E-2A0B-460D-934E-DC6B0785DB48}") = "LocalizeShared.fi", "ModsCommon\LocalizeShared\LocalizeShared.fi.shproj", "{FE34C965-7F4A-4D52-B732-2B8A85762929}"
EndProject
Project("{D954291E-2A0B-460D-934E-DC6B0785DB48}") = "LocalizeShared.ja", "ModsCommon\LocalizeShared\LocalizeShared.ja.shproj", "{B0C05991-7F01-40C4-8EFB-9D765CC72534}"
EndProject
Project("{D954291E-2A0B-460D-934E-DC6B0785DB48}") = "LocalizeShared.de", "ModsCommon\LocalizeShared\LocalizeShared.de.shproj", "{DE7B8AF4-65B6-421F-B439-27132BECC459}"
EndProject
Project("{D954291E-2A0B-460D-934E-DC6B0785DB48}") = "SingletonShared", "ModsCommon\SingletonShared\SingletonShared.shproj", "{32AEE23B-AF72-45B6-8011-5EC3B139D2DF}"
EndProject
Project("{D954291E-2A0B-460D-934E-DC6B0785DB48}") = "LoggerShared", "ModsCommon\LoggerShared\LoggerShared.shproj", "{FE0AF823-F63F-4441-B28D-C0890BC0BF6A}"
EndProject
Project("{2150E333-8FDC-42A3-9474-1A3956D46DE8}") = "Utilities", "Utilities", "{0848D62D-8D78-4AD1-82DC-32188EC23610}"
EndProject
Global
	GlobalSection(SharedMSBuildProjectFiles) = preSolution
		ModsCommon\HeaderShared\HeaderShared.projitems*{0bf47c3f-c968-4759-8d99-d088b0d58fba}*SharedItemsImports = 13
		ModsCommon\DependencyShared\DependencyShared.projitems*{23581242-6240-4851-9a0c-bf93e2a4f4b0}*SharedItemsImports = 4
		ModsCommon\HeaderShared\HeaderShared.projitems*{23581242-6240-4851-9a0c-bf93e2a4f4b0}*SharedItemsImports = 4
		ModsCommon\LocalizeShared\LocalizeShared.de.projitems*{23581242-6240-4851-9a0c-bf93e2a4f4b0}*SharedItemsImports = 4
		ModsCommon\LocalizeShared\LocalizeShared.fi.projitems*{23581242-6240-4851-9a0c-bf93e2a4f4b0}*SharedItemsImports = 4
		ModsCommon\LocalizeShared\LocalizeShared.ja.projitems*{23581242-6240-4851-9a0c-bf93e2a4f4b0}*SharedItemsImports = 4
		ModsCommon\LocalizeShared\LocalizeShared.projitems*{23581242-6240-4851-9a0c-bf93e2a4f4b0}*SharedItemsImports = 4
		ModsCommon\LocalizeShared\LocalizeShared.ru.projitems*{23581242-6240-4851-9a0c-bf93e2a4f4b0}*SharedItemsImports = 4
		ModsCommon\LoggerShared\LoggerShared.projitems*{23581242-6240-4851-9a0c-bf93e2a4f4b0}*SharedItemsImports = 4
		ModsCommon\MessageBoxShared\MessageBoxShared.projitems*{23581242-6240-4851-9a0c-bf93e2a4f4b0}*SharedItemsImports = 4
		ModsCommon\ModShared\ModsCommonShared.projitems*{23581242-6240-4851-9a0c-bf93e2a4f4b0}*SharedItemsImports = 4
		ModsCommon\PluginsShared\PluginsShared.projitems*{23581242-6240-4851-9a0c-bf93e2a4f4b0}*SharedItemsImports = 4
		ModsCommon\PropertyPanelShared\PropertyPanelShared.projitems*{23581242-6240-4851-9a0c-bf93e2a4f4b0}*SharedItemsImports = 4
		ModsCommon\PropertyValueShared\PropertyValueShared.projitems*{23581242-6240-4851-9a0c-bf93e2a4f4b0}*SharedItemsImports = 4
		ModsCommon\SingletonShared\SingletonShared.projitems*{23581242-6240-4851-9a0c-bf93e2a4f4b0}*SharedItemsImports = 4
		ModsCommon\UIShared\ModsUIShared.projitems*{23581242-6240-4851-9a0c-bf93e2a4f4b0}*SharedItemsImports = 4
		ModsCommon\XmlExtension\XmlExtension.projitems*{23581242-6240-4851-9a0c-bf93e2a4f4b0}*SharedItemsImports = 4
		ModsCommon\ModShared\ModsCommonShared.projitems*{24615a21-afa6-42c0-8b7a-4fb3329b056f}*SharedItemsImports = 13
		ModsCommon\DependencyShared\DependencyShared.projitems*{2873738f-aa2c-4c8a-be06-bc59acca56f0}*SharedItemsImports = 13
		ModsCommon\SingletonShared\SingletonShared.projitems*{32aee23b-af72-45b6-8011-5ec3b139d2df}*SharedItemsImports = 13
		ModsCommon\LocalizeShared\LocalizeShared.ru.projitems*{4093656f-54a7-4eb8-b021-4c18b5e16407}*SharedItemsImports = 13
		ModsCommon\PropertyPanelShared\PropertyPanelShared.projitems*{abe0f508-441b-4871-a17f-3f345f5dc42b}*SharedItemsImports = 13
		ModsCommon\LocalizeShared\LocalizeShared.ja.projitems*{b0c05991-7f01-40c4-8efb-9d765cc72534}*SharedItemsImports = 13
		ModsCommon\PluginsShared\PluginsShared.projitems*{b92e01e9-0dfc-455f-8164-f68a2a602fbc}*SharedItemsImports = 13
		ModsCommon\UIShared\ModsUIShared.projitems*{be979510-7832-4714-95a3-305065d9ded6}*SharedItemsImports = 13
		ModsCommon\MessageBoxShared\MessageBoxShared.projitems*{d5b649ec-0fec-48f3-8316-6e266169cdcc}*SharedItemsImports = 13
		ModsCommon\PropertyValueShared\PropertyValueShared.projitems*{db4a0c1e-e3f4-4bb4-816f-1493bf7f2fbf}*SharedItemsImports = 13
		ModsCommon\LocalizeShared\LocalizeShared.de.projitems*{de7b8af4-65b6-421f-b439-27132becc459}*SharedItemsImports = 13
		ModsCommon\LocalizeShared\LocalizeShared.projitems*{f135cd5d-4cab-4347-bf44-1c6d0794a19d}*SharedItemsImports = 13
		ModsCommon\XmlExtension\XmlExtension.projitems*{fada36db-c397-4128-9644-b477c4f50b26}*SharedItemsImports = 13
		ModsCommon\LoggerShared\LoggerShared.projitems*{fe0af823-f63f-4441-b28d-c0890bc0bf6a}*SharedItemsImports = 13
		ModsCommon\LocalizeShared\LocalizeShared.fi.projitems*{fe34c965-7f4a-4d52-b732-2b8a85762929}*SharedItemsImports = 13
	EndGlobalSection
	GlobalSection(SolutionConfigurationPlatforms) = preSolution
		Debug|Any CPU = Debug|Any CPU
		Release|Any CPU = Release|Any CPU
	EndGlobalSection
	GlobalSection(ProjectConfigurationPlatforms) = postSolution
		{23581242-6240-4851-9A0C-BF93E2A4F4B0}.Debug|Any CPU.ActiveCfg = Debug|Any CPU
		{23581242-6240-4851-9A0C-BF93E2A4F4B0}.Debug|Any CPU.Build.0 = Debug|Any CPU
		{23581242-6240-4851-9A0C-BF93E2A4F4B0}.Release|Any CPU.ActiveCfg = Release|Any CPU
		{23581242-6240-4851-9A0C-BF93E2A4F4B0}.Release|Any CPU.Build.0 = Release|Any CPU
		{965F863B-1394-41ED-85EC-B35DC09003EB}.Debug|Any CPU.ActiveCfg = Debug|Any CPU
		{965F863B-1394-41ED-85EC-B35DC09003EB}.Debug|Any CPU.Build.0 = Debug|Any CPU
		{965F863B-1394-41ED-85EC-B35DC09003EB}.Release|Any CPU.ActiveCfg = Release|Any CPU
		{965F863B-1394-41ED-85EC-B35DC09003EB}.Release|Any CPU.Build.0 = Release|Any CPU
	EndGlobalSection
	GlobalSection(SolutionProperties) = preSolution
		HideSolutionNode = FALSE
	EndGlobalSection
	GlobalSection(NestedProjects) = preSolution
		{24615A21-AFA6-42C0-8B7A-4FB3329B056F} = {47FEE61C-F69E-4906-98DD-3979C433964E}
		{21802331-AD07-4C9B-8B06-BFD07EB30764} = {47FEE61C-F69E-4906-98DD-3979C433964E}
		{BE979510-7832-4714-95A3-305065D9DED6} = {21802331-AD07-4C9B-8B06-BFD07EB30764}
		{FADA36DB-C397-4128-9644-B477C4F50B26} = {0848D62D-8D78-4AD1-82DC-32188EC23610}
		{ABE0F508-441B-4871-A17F-3F345F5DC42B} = {21802331-AD07-4C9B-8B06-BFD07EB30764}
		{DB4A0C1E-E3F4-4BB4-816F-1493BF7F2FBF} = {0848D62D-8D78-4AD1-82DC-32188EC23610}
		{0BF47C3F-C968-4759-8D99-D088B0D58FBA} = {21802331-AD07-4C9B-8B06-BFD07EB30764}
		{B92E01E9-0DFC-455F-8164-F68A2A602FBC} = {0848D62D-8D78-4AD1-82DC-32188EC23610}
		{1DD9E545-FBCD-42C6-8E37-A56E341CC115} = {47FEE61C-F69E-4906-98DD-3979C433964E}
		{965F863B-1394-41ED-85EC-B35DC09003EB} = {1DD9E545-FBCD-42C6-8E37-A56E341CC115}
		{F135CD5D-4CAB-4347-BF44-1C6D0794A19D} = {1DD9E545-FBCD-42C6-8E37-A56E341CC115}
		{4093656F-54A7-4EB8-B021-4C18B5E16407} = {1DD9E545-FBCD-42C6-8E37-A56E341CC115}
		{D5B649EC-0FEC-48F3-8316-6E266169CDCC} = {21802331-AD07-4C9B-8B06-BFD07EB30764}
		{2873738F-AA2C-4C8A-BE06-BC59ACCA56F0} = {0848D62D-8D78-4AD1-82DC-32188EC23610}
		{FE34C965-7F4A-4D52-B732-2B8A85762929} = {1DD9E545-FBCD-42C6-8E37-A56E341CC115}
		{B0C05991-7F01-40C4-8EFB-9D765CC72534} = {1DD9E545-FBCD-42C6-8E37-A56E341CC115}
		{DE7B8AF4-65B6-421F-B439-27132BECC459} = {1DD9E545-FBCD-42C6-8E37-A56E341CC115}
		{32AEE23B-AF72-45B6-8011-5EC3B139D2DF} = {0848D62D-8D78-4AD1-82DC-32188EC23610}
		{FE0AF823-F63F-4441-B28D-C0890BC0BF6A} = {0848D62D-8D78-4AD1-82DC-32188EC23610}
		{0848D62D-8D78-4AD1-82DC-32188EC23610} = {47FEE61C-F69E-4906-98DD-3979C433964E}
	EndGlobalSection
	GlobalSection(ExtensibilityGlobals) = postSolution
		SolutionGuid = {9AE01CF9-7549-4236-B657-F88D6CEA4F88}
	EndGlobalSection
EndGlobal
